// !$*UTF8*$!
{
	archiveVersion = 1;
	classes = {
	};
	objectVersion = 46;
	objects = {

/* Begin PBXBuildFile section */
		522A254D1BE03BCC008FE49E /* Quest.swift in Sources */ = {isa = PBXBuildFile; fileRef = 522A254C1BE03BCC008FE49E /* Quest.swift */; };
		522EC6941BEFF76000262690 /* CluesViewController.swift in Sources */ = {isa = PBXBuildFile; fileRef = 522EC6931BEFF76000262690 /* CluesViewController.swift */; };
		522EC6961BEFF85400262690 /* VariableHightCell.swift in Sources */ = {isa = PBXBuildFile; fileRef = 522EC6951BEFF85400262690 /* VariableHightCell.swift */; };
		522EC6981BEFF91500262690 /* VariableHeightCell.xib in Resources */ = {isa = PBXBuildFile; fileRef = 522EC6971BEFF91500262690 /* VariableHeightCell.xib */; };
		522F90931BED334D00F60652 /* MobileCoreServices.framework in Frameworks */ = {isa = PBXBuildFile; fileRef = 522F90921BED334D00F60652 /* MobileCoreServices.framework */; settings = {ATTRIBUTES = (Required, ); }; };
		522F90951BED335D00F60652 /* CoreSpotlight.framework in Frameworks */ = {isa = PBXBuildFile; fileRef = 522F90941BED335D00F60652 /* CoreSpotlight.framework */; };
		522F90991BED47DA00F60652 /* MapKit.framework in Frameworks */ = {isa = PBXBuildFile; fileRef = 522F90981BED47DA00F60652 /* MapKit.framework */; };
		523AC4241C61568200461BBA /* PDFViewController.swift in Sources */ = {isa = PBXBuildFile; fileRef = 523AC4231C61568200461BBA /* PDFViewController.swift */; };
		5244C8FA1C9E612E0040E565 /* DirectionsViewController.swift in Sources */ = {isa = PBXBuildFile; fileRef = 5244C8F91C9E612E0040E565 /* DirectionsViewController.swift */; };
		5244C8FD1C9E91AB0040E565 /* SWRevealViewController.m in Sources */ = {isa = PBXBuildFile; fileRef = 5244C8FC1C9E91AB0040E565 /* SWRevealViewController.m */; };
		5244C8FF1CA09F1F0040E565 /* Feedback.swift in Sources */ = {isa = PBXBuildFile; fileRef = 5244C8FE1CA09F1F0040E565 /* Feedback.swift */; };
		5281CDA11CA10A13001B6F6C /* FeedbackViewController.swift in Sources */ = {isa = PBXBuildFile; fileRef = 5281CDA01CA10A13001B6F6C /* FeedbackViewController.swift */; };
		5281CDA31CA10A23001B6F6C /* FeedbackBoxViewController.swift in Sources */ = {isa = PBXBuildFile; fileRef = 5281CDA21CA10A23001B6F6C /* FeedbackBoxViewController.swift */; };
		5281CDA51CA10A42001B6F6C /* FeedbackCluesViewController.swift in Sources */ = {isa = PBXBuildFile; fileRef = 5281CDA41CA10A42001B6F6C /* FeedbackCluesViewController.swift */; };
		5281CDA81CA11416001B6F6C /* FeedbackTextViewCell.swift in Sources */ = {isa = PBXBuildFile; fileRef = 5281CDA71CA11416001B6F6C /* FeedbackTextViewCell.swift */; };
		5281CDAA1CA11435001B6F6C /* FeedbackTextViewCell.xib in Resources */ = {isa = PBXBuildFile; fileRef = 5281CDA91CA11435001B6F6C /* FeedbackTextViewCell.xib */; };
		52BD6E221C7278FA005A0FC3 /* Valley Quest App.entitlements in Resources */ = {isa = PBXBuildFile; fileRef = 52BD6E211C7278FA005A0FC3 /* Valley Quest App.entitlements */; };
		52C8E26C1BDBE4BB005996E3 /* QuestCell.xib in Resources */ = {isa = PBXBuildFile; fileRef = 52C8E26B1BDBE4BB005996E3 /* QuestCell.xib */; };
		52C8E2701BDBE75F005996E3 /* QuestCell.swift in Sources */ = {isa = PBXBuildFile; fileRef = 52C8E26F1BDBE75F005996E3 /* QuestCell.swift */; };
		52E0CDE11C94EBAA00E547AA /* Assets.xcassets in Resources */ = {isa = PBXBuildFile; fileRef = 52E0CDE01C94EBAA00E547AA /* Assets.xcassets */; };
		52E13E231C9A7512002CE8AD /* HelperMethods.swift in Sources */ = {isa = PBXBuildFile; fileRef = 52E13E221C9A7512002CE8AD /* HelperMethods.swift */; };
		52EA9F3A1BBB3B0D0063E082 /* AppDelegate.swift in Sources */ = {isa = PBXBuildFile; fileRef = 52EA9F391BBB3B0D0063E082 /* AppDelegate.swift */; };
		52EA9F3C1BBB3B0D0063E082 /* QuestController.swift in Sources */ = {isa = PBXBuildFile; fileRef = 52EA9F3B1BBB3B0D0063E082 /* QuestController.swift */; };
		52EA9F3F1BBB3B0D0063E082 /* Main.storyboard in Resources */ = {isa = PBXBuildFile; fileRef = 52EA9F3D1BBB3B0D0063E082 /* Main.storyboard */; };
		52EA9F441BBB3B0E0063E082 /* LaunchScreen.storyboard in Resources */ = {isa = PBXBuildFile; fileRef = 52EA9F421BBB3B0E0063E082 /* LaunchScreen.storyboard */; };
		8B40A95A1BE15BB500DC30AC /* QuestDetailViewController.swift in Sources */ = {isa = PBXBuildFile; fileRef = 8B40A9591BE15BB500DC30AC /* QuestDetailViewController.swift */; };
		D06DBB66978299D4DF0A2FA2 /* Pods.framework in Frameworks */ = {isa = PBXBuildFile; fileRef = 831939FF962680D8031EEFD8 /* Pods.framework */; };
/* End PBXBuildFile section */

/* Begin PBXContainerItemProxy section */
		52EA9F4B1BBB3B0E0063E082 /* PBXContainerItemProxy */ = {
			isa = PBXContainerItemProxy;
			containerPortal = 52EA9F2E1BBB3B0D0063E082 /* Project object */;
			proxyType = 1;
			remoteGlobalIDString = 52EA9F351BBB3B0D0063E082;
			remoteInfo = ValleyQuestApp;
		};
		52EA9F561BBB3B0E0063E082 /* PBXContainerItemProxy */ = {
			isa = PBXContainerItemProxy;
			containerPortal = 52EA9F2E1BBB3B0D0063E082 /* Project object */;
			proxyType = 1;
			remoteGlobalIDString = 52EA9F351BBB3B0D0063E082;
			remoteInfo = ValleyQuestApp;
		};
/* End PBXContainerItemProxy section */

/* Begin PBXFileReference section */
		0AE72FB39E6C8D966954840F /* Pods.release.xcconfig */ = {isa = PBXFileReference; includeInIndex = 1; lastKnownFileType = text.xcconfig; name = Pods.release.xcconfig; path = "Pods/Target Support Files/Pods/Pods.release.xcconfig"; sourceTree = "<group>"; };
		5206324E1C44439100F94463 /* ObjCBridgingHeader.h */ = {isa = PBXFileReference; fileEncoding = 4; lastKnownFileType = sourcecode.c.h; name = ObjCBridgingHeader.h; path = ../ObjCBridgingHeader.h; sourceTree = "<group>"; };
		522A254C1BE03BCC008FE49E /* Quest.swift */ = {isa = PBXFileReference; fileEncoding = 4; lastKnownFileType = sourcecode.swift; path = Quest.swift; sourceTree = "<group>"; };
		522EC6931BEFF76000262690 /* CluesViewController.swift */ = {isa = PBXFileReference; fileEncoding = 4; lastKnownFileType = sourcecode.swift; path = CluesViewController.swift; sourceTree = "<group>"; };
		522EC6951BEFF85400262690 /* VariableHightCell.swift */ = {isa = PBXFileReference; fileEncoding = 4; lastKnownFileType = sourcecode.swift; path = VariableHightCell.swift; sourceTree = "<group>"; };
		522EC6971BEFF91500262690 /* VariableHeightCell.xib */ = {isa = PBXFileReference; fileEncoding = 4; lastKnownFileType = file.xib; path = VariableHeightCell.xib; sourceTree = "<group>"; };
		522F90921BED334D00F60652 /* MobileCoreServices.framework */ = {isa = PBXFileReference; lastKnownFileType = wrapper.framework; name = MobileCoreServices.framework; path = System/Library/Frameworks/MobileCoreServices.framework; sourceTree = SDKROOT; };
		522F90941BED335D00F60652 /* CoreSpotlight.framework */ = {isa = PBXFileReference; lastKnownFileType = wrapper.framework; name = CoreSpotlight.framework; path = System/Library/Frameworks/CoreSpotlight.framework; sourceTree = SDKROOT; };
		522F90981BED47DA00F60652 /* MapKit.framework */ = {isa = PBXFileReference; lastKnownFileType = wrapper.framework; name = MapKit.framework; path = System/Library/Frameworks/MapKit.framework; sourceTree = SDKROOT; };
		523AC4231C61568200461BBA /* PDFViewController.swift */ = {isa = PBXFileReference; fileEncoding = 4; lastKnownFileType = sourcecode.swift; path = PDFViewController.swift; sourceTree = "<group>"; };
		5244C8F91C9E612E0040E565 /* DirectionsViewController.swift */ = {isa = PBXFileReference; fileEncoding = 4; lastKnownFileType = sourcecode.swift; path = DirectionsViewController.swift; sourceTree = "<group>"; };
		5244C8FB1C9E91AB0040E565 /* SWRevealViewController.h */ = {isa = PBXFileReference; fileEncoding = 4; lastKnownFileType = sourcecode.c.h; path = SWRevealViewController.h; sourceTree = "<group>"; };
		5244C8FC1C9E91AB0040E565 /* SWRevealViewController.m */ = {isa = PBXFileReference; fileEncoding = 4; lastKnownFileType = sourcecode.c.objc; path = SWRevealViewController.m; sourceTree = "<group>"; };
		5244C8FE1CA09F1F0040E565 /* Feedback.swift */ = {isa = PBXFileReference; fileEncoding = 4; lastKnownFileType = sourcecode.swift; path = Feedback.swift; sourceTree = "<group>"; };
		5281CDA01CA10A13001B6F6C /* FeedbackViewController.swift */ = {isa = PBXFileReference; fileEncoding = 4; lastKnownFileType = sourcecode.swift; path = FeedbackViewController.swift; sourceTree = "<group>"; };
		5281CDA21CA10A23001B6F6C /* FeedbackBoxViewController.swift */ = {isa = PBXFileReference; fileEncoding = 4; lastKnownFileType = sourcecode.swift; path = FeedbackBoxViewController.swift; sourceTree = "<group>"; };
		5281CDA41CA10A42001B6F6C /* FeedbackCluesViewController.swift */ = {isa = PBXFileReference; fileEncoding = 4; lastKnownFileType = sourcecode.swift; path = FeedbackCluesViewController.swift; sourceTree = "<group>"; };
		5281CDA71CA11416001B6F6C /* FeedbackTextViewCell.swift */ = {isa = PBXFileReference; fileEncoding = 4; lastKnownFileType = sourcecode.swift; path = FeedbackTextViewCell.swift; sourceTree = "<group>"; };
		5281CDA91CA11435001B6F6C /* FeedbackTextViewCell.xib */ = {isa = PBXFileReference; fileEncoding = 4; lastKnownFileType = file.xib; path = FeedbackTextViewCell.xib; sourceTree = "<group>"; };
		52BD6E211C7278FA005A0FC3 /* Valley Quest App.entitlements */ = {isa = PBXFileReference; fileEncoding = 4; lastKnownFileType = text.xml; path = "Valley Quest App.entitlements"; sourceTree = "<group>"; };
		52C8E26B1BDBE4BB005996E3 /* QuestCell.xib */ = {isa = PBXFileReference; fileEncoding = 4; lastKnownFileType = file.xib; path = QuestCell.xib; sourceTree = "<group>"; };
		52C8E26F1BDBE75F005996E3 /* QuestCell.swift */ = {isa = PBXFileReference; fileEncoding = 4; lastKnownFileType = sourcecode.swift; path = QuestCell.swift; sourceTree = "<group>"; };
		52E0CDE01C94EBAA00E547AA /* Assets.xcassets */ = {isa = PBXFileReference; lastKnownFileType = folder.assetcatalog; path = Assets.xcassets; sourceTree = "<group>"; };
		52E13E221C9A7512002CE8AD /* HelperMethods.swift */ = {isa = PBXFileReference; fileEncoding = 4; lastKnownFileType = sourcecode.swift; path = HelperMethods.swift; sourceTree = "<group>"; };
		52EA9F361BBB3B0D0063E082 /* Valley Quest App.app */ = {isa = PBXFileReference; explicitFileType = wrapper.application; includeInIndex = 0; path = "Valley Quest App.app"; sourceTree = BUILT_PRODUCTS_DIR; };
		52EA9F391BBB3B0D0063E082 /* AppDelegate.swift */ = {isa = PBXFileReference; lastKnownFileType = sourcecode.swift; path = AppDelegate.swift; sourceTree = "<group>"; };
		52EA9F3B1BBB3B0D0063E082 /* QuestController.swift */ = {isa = PBXFileReference; lastKnownFileType = sourcecode.swift; path = QuestController.swift; sourceTree = "<group>"; };
		52EA9F3E1BBB3B0D0063E082 /* Base */ = {isa = PBXFileReference; lastKnownFileType = file.storyboard; name = Base; path = Base.lproj/Main.storyboard; sourceTree = "<group>"; };
		52EA9F431BBB3B0E0063E082 /* Base */ = {isa = PBXFileReference; lastKnownFileType = file.storyboard; name = Base; path = Base.lproj/LaunchScreen.storyboard; sourceTree = "<group>"; };
		52EA9F451BBB3B0E0063E082 /* Info.plist */ = {isa = PBXFileReference; lastKnownFileType = text.plist.xml; path = Info.plist; sourceTree = "<group>"; };
		52EA9F4A1BBB3B0E0063E082 /* Valley Quest App.xctest */ = {isa = PBXFileReference; explicitFileType = wrapper.cfbundle; includeInIndex = 0; path = "Valley Quest App.xctest"; sourceTree = BUILT_PRODUCTS_DIR; };
		52EA9F551BBB3B0E0063E082 /* Valley Quest App.xctest */ = {isa = PBXFileReference; explicitFileType = wrapper.cfbundle; includeInIndex = 0; path = "Valley Quest App.xctest"; sourceTree = BUILT_PRODUCTS_DIR; };
		831939FF962680D8031EEFD8 /* Pods.framework */ = {isa = PBXFileReference; explicitFileType = wrapper.framework; includeInIndex = 0; path = Pods.framework; sourceTree = BUILT_PRODUCTS_DIR; };
		8B40A9591BE15BB500DC30AC /* QuestDetailViewController.swift */ = {isa = PBXFileReference; fileEncoding = 4; lastKnownFileType = sourcecode.swift; path = QuestDetailViewController.swift; sourceTree = "<group>"; };
		E6B6877D66920FD8B0CF4E06 /* Pods.debug.xcconfig */ = {isa = PBXFileReference; includeInIndex = 1; lastKnownFileType = text.xcconfig; name = Pods.debug.xcconfig; path = "Pods/Target Support Files/Pods/Pods.debug.xcconfig"; sourceTree = "<group>"; };
/* End PBXFileReference section */

/* Begin PBXFrameworksBuildPhase section */
		52EA9F331BBB3B0D0063E082 /* Frameworks */ = {
			isa = PBXFrameworksBuildPhase;
			buildActionMask = 2147483647;
			files = (
				522F90951BED335D00F60652 /* CoreSpotlight.framework in Frameworks */,
				522F90991BED47DA00F60652 /* MapKit.framework in Frameworks */,
				522F90931BED334D00F60652 /* MobileCoreServices.framework in Frameworks */,
				D06DBB66978299D4DF0A2FA2 /* Pods.framework in Frameworks */,
			);
			runOnlyForDeploymentPostprocessing = 0;
		};
		52EA9F471BBB3B0E0063E082 /* Frameworks */ = {
			isa = PBXFrameworksBuildPhase;
			buildActionMask = 2147483647;
			files = (
			);
			runOnlyForDeploymentPostprocessing = 0;
		};
		52EA9F521BBB3B0E0063E082 /* Frameworks */ = {
			isa = PBXFrameworksBuildPhase;
			buildActionMask = 2147483647;
			files = (
			);
			runOnlyForDeploymentPostprocessing = 0;
		};
/* End PBXFrameworksBuildPhase section */

/* Begin PBXGroup section */
		18B17195EC919034BFF7E5D8 /* Frameworks */ = {
			isa = PBXGroup;
			children = (
				831939FF962680D8031EEFD8 /* Pods.framework */,
			);
			name = Frameworks;
			sourceTree = "<group>";
		};
		5281CDA61CA10A46001B6F6C /* Feedback view */ = {
			isa = PBXGroup;
			children = (
				5281CDA01CA10A13001B6F6C /* FeedbackViewController.swift */,
				5281CDA71CA11416001B6F6C /* FeedbackTextViewCell.swift */,
				5281CDA91CA11435001B6F6C /* FeedbackTextViewCell.xib */,
				5281CDA21CA10A23001B6F6C /* FeedbackBoxViewController.swift */,
				5281CDA41CA10A42001B6F6C /* FeedbackCluesViewController.swift */,
			);
			name = "Feedback view";
			sourceTree = "<group>";
		};
		52EA9F2D1BBB3B0D0063E082 = {
			isa = PBXGroup;
			children = (
				522F90981BED47DA00F60652 /* MapKit.framework */,
				522F90941BED335D00F60652 /* CoreSpotlight.framework */,
				522F90921BED334D00F60652 /* MobileCoreServices.framework */,
				52EA9F381BBB3B0D0063E082 /* ValleyQuestApp */,
				52EA9F371BBB3B0D0063E082 /* Products */,
				18B17195EC919034BFF7E5D8 /* Frameworks */,
				72C3CC2B1946438F123EB6B5 /* Pods */,
			);
			sourceTree = "<group>";
		};
		52EA9F371BBB3B0D0063E082 /* Products */ = {
			isa = PBXGroup;
			children = (
				52EA9F361BBB3B0D0063E082 /* Valley Quest App.app */,
				52EA9F4A1BBB3B0E0063E082 /* Valley Quest App.xctest */,
				52EA9F551BBB3B0E0063E082 /* Valley Quest App.xctest */,
			);
			name = Products;
			sourceTree = "<group>";
		};
		52EA9F381BBB3B0D0063E082 /* ValleyQuestApp */ = {
			isa = PBXGroup;
			children = (
				5206324E1C44439100F94463 /* ObjCBridgingHeader.h */,
				52EA9F391BBB3B0D0063E082 /* AppDelegate.swift */,
				52EA9F3B1BBB3B0D0063E082 /* QuestController.swift */,
				52EA9F3D1BBB3B0D0063E082 /* Main.storyboard */,
				5244C8F91C9E612E0040E565 /* DirectionsViewController.swift */,
				52E13E221C9A7512002CE8AD /* HelperMethods.swift */,
				523AC4231C61568200461BBA /* PDFViewController.swift */,
				8B40A9591BE15BB500DC30AC /* QuestDetailViewController.swift */,
				522A254C1BE03BCC008FE49E /* Quest.swift */,
				5244C8FE1CA09F1F0040E565 /* Feedback.swift */,
				5281CDA61CA10A46001B6F6C /* Feedback view */,
				522EC6931BEFF76000262690 /* CluesViewController.swift */,
				522EC6951BEFF85400262690 /* VariableHightCell.swift */,
				522EC6971BEFF91500262690 /* VariableHeightCell.xib */,
				52C8E26F1BDBE75F005996E3 /* QuestCell.swift */,
				52C8E26B1BDBE4BB005996E3 /* QuestCell.xib */,
				5244C8FB1C9E91AB0040E565 /* SWRevealViewController.h */,
				5244C8FC1C9E91AB0040E565 /* SWRevealViewController.m */,
				52E0CDE01C94EBAA00E547AA /* Assets.xcassets */,
				52EA9F421BBB3B0E0063E082 /* LaunchScreen.storyboard */,
				52EA9F451BBB3B0E0063E082 /* Info.plist */,
				52BD6E211C7278FA005A0FC3 /* Valley Quest App.entitlements */,
			);
			path = ValleyQuestApp;
			sourceTree = "<group>";
		};
		72C3CC2B1946438F123EB6B5 /* Pods */ = {
			isa = PBXGroup;
			children = (
				0AE72FB39E6C8D966954840F /* Pods.release.xcconfig */,
				E6B6877D66920FD8B0CF4E06 /* Pods.debug.xcconfig */,
			);
			name = Pods;
			sourceTree = "<group>";
		};
/* End PBXGroup section */

/* Begin PBXNativeTarget section */
		52EA9F351BBB3B0D0063E082 /* Valley Quest App */ = {
			isa = PBXNativeTarget;
			buildConfigurationList = 52EA9F5E1BBB3B0E0063E082 /* Build configuration list for PBXNativeTarget "Valley Quest App" */;
			buildPhases = (
				FF37C047BD8D25169B0E96E4 /* Check Pods Manifest.lock */,
				52EA9F321BBB3B0D0063E082 /* Sources */,
				52EA9F331BBB3B0D0063E082 /* Frameworks */,
				52EA9F341BBB3B0D0063E082 /* Resources */,
				63D8F541A9F85E19E05B3BE0 /* Embed Pods Frameworks */,
				E489968E65412F2B648B09F6 /* Copy Pods Resources */,
			);
			buildRules = (
			);
			dependencies = (
			);
			name = "Valley Quest App";
			productName = ValleyQuestApp;
			productReference = 52EA9F361BBB3B0D0063E082 /* Valley Quest App.app */;
			productType = "com.apple.product-type.application";
		};
		52EA9F491BBB3B0E0063E082 /* Valley Quest AppTests */ = {
			isa = PBXNativeTarget;
			buildConfigurationList = 52EA9F611BBB3B0E0063E082 /* Build configuration list for PBXNativeTarget "Valley Quest AppTests" */;
			buildPhases = (
				52EA9F461BBB3B0E0063E082 /* Sources */,
				52EA9F471BBB3B0E0063E082 /* Frameworks */,
				52EA9F481BBB3B0E0063E082 /* Resources */,
			);
			buildRules = (
			);
			dependencies = (
				52EA9F4C1BBB3B0E0063E082 /* PBXTargetDependency */,
			);
			name = "Valley Quest AppTests";
			productName = ValleyQuestAppTests;
			productReference = 52EA9F4A1BBB3B0E0063E082 /* Valley Quest App.xctest */;
			productType = "com.apple.product-type.bundle.unit-test";
		};
		52EA9F541BBB3B0E0063E082 /* Valley Quest AppUITests */ = {
			isa = PBXNativeTarget;
			buildConfigurationList = 52EA9F641BBB3B0E0063E082 /* Build configuration list for PBXNativeTarget "Valley Quest AppUITests" */;
			buildPhases = (
				52EA9F511BBB3B0E0063E082 /* Sources */,
				52EA9F521BBB3B0E0063E082 /* Frameworks */,
				52EA9F531BBB3B0E0063E082 /* Resources */,
			);
			buildRules = (
			);
			dependencies = (
				52EA9F571BBB3B0E0063E082 /* PBXTargetDependency */,
			);
			name = "Valley Quest AppUITests";
			productName = ValleyQuestAppUITests;
			productReference = 52EA9F551BBB3B0E0063E082 /* Valley Quest App.xctest */;
			productType = "com.apple.product-type.bundle.ui-testing";
		};
/* End PBXNativeTarget section */

/* Begin PBXProject section */
		52EA9F2E1BBB3B0D0063E082 /* Project object */ = {
			isa = PBXProject;
			attributes = {
				LastUpgradeCheck = 0730;
				ORGANIZATIONNAME = vitalCommunities;
				TargetAttributes = {
					52EA9F351BBB3B0D0063E082 = {
						CreatedOnToolsVersion = 7.0;
						DevelopmentTeam = ZENTEP64J9;
						SystemCapabilities = {
							com.apple.Maps.iOS = {
								enabled = 1;
							};
						};
					};
					52EA9F491BBB3B0E0063E082 = {
						CreatedOnToolsVersion = 7.0;
						TestTargetID = 52EA9F351BBB3B0D0063E082;
					};
					52EA9F541BBB3B0E0063E082 = {
						CreatedOnToolsVersion = 7.0;
						TestTargetID = 52EA9F351BBB3B0D0063E082;
					};
				};
			};
			buildConfigurationList = 52EA9F311BBB3B0D0063E082 /* Build configuration list for PBXProject "Valley Quest App" */;
			compatibilityVersion = "Xcode 3.2";
			developmentRegion = English;
			hasScannedForEncodings = 0;
			knownRegions = (
				en,
				Base,
			);
			mainGroup = 52EA9F2D1BBB3B0D0063E082;
			productRefGroup = 52EA9F371BBB3B0D0063E082 /* Products */;
			projectDirPath = "";
			projectRoot = "";
			targets = (
				52EA9F351BBB3B0D0063E082 /* Valley Quest App */,
				52EA9F491BBB3B0E0063E082 /* Valley Quest AppTests */,
				52EA9F541BBB3B0E0063E082 /* Valley Quest AppUITests */,
			);
		};
/* End PBXProject section */

/* Begin PBXResourcesBuildPhase section */
		52EA9F341BBB3B0D0063E082 /* Resources */ = {
			isa = PBXResourcesBuildPhase;
			buildActionMask = 2147483647;
			files = (
				52EA9F441BBB3B0E0063E082 /* LaunchScreen.storyboard in Resources */,
				52EA9F3F1BBB3B0D0063E082 /* Main.storyboard in Resources */,
				522EC6981BEFF91500262690 /* VariableHeightCell.xib in Resources */,
				52C8E26C1BDBE4BB005996E3 /* QuestCell.xib in Resources */,
				5281CDAA1CA11435001B6F6C /* FeedbackTextViewCell.xib in Resources */,
				52E0CDE11C94EBAA00E547AA /* Assets.xcassets in Resources */,
				52BD6E221C7278FA005A0FC3 /* Valley Quest App.entitlements in Resources */,
			);
			runOnlyForDeploymentPostprocessing = 0;
		};
		52EA9F481BBB3B0E0063E082 /* Resources */ = {
			isa = PBXResourcesBuildPhase;
			buildActionMask = 2147483647;
			files = (
			);
			runOnlyForDeploymentPostprocessing = 0;
		};
		52EA9F531BBB3B0E0063E082 /* Resources */ = {
			isa = PBXResourcesBuildPhase;
			buildActionMask = 2147483647;
			files = (
			);
			runOnlyForDeploymentPostprocessing = 0;
		};
/* End PBXResourcesBuildPhase section */

/* Begin PBXShellScriptBuildPhase section */
		63D8F541A9F85E19E05B3BE0 /* Embed Pods Frameworks */ = {
			isa = PBXShellScriptBuildPhase;
			buildActionMask = 2147483647;
			files = (
			);
			inputPaths = (
			);
			name = "Embed Pods Frameworks";
			outputPaths = (
			);
			runOnlyForDeploymentPostprocessing = 0;
			shellPath = /bin/sh;
			shellScript = "\"${SRCROOT}/Pods/Target Support Files/Pods/Pods-frameworks.sh\"\n";
			showEnvVarsInLog = 0;
		};
		E489968E65412F2B648B09F6 /* Copy Pods Resources */ = {
			isa = PBXShellScriptBuildPhase;
			buildActionMask = 2147483647;
			files = (
			);
			inputPaths = (
			);
			name = "Copy Pods Resources";
			outputPaths = (
			);
			runOnlyForDeploymentPostprocessing = 0;
			shellPath = /bin/sh;
			shellScript = "\"${SRCROOT}/Pods/Target Support Files/Pods/Pods-resources.sh\"\n";
			showEnvVarsInLog = 0;
		};
		FF37C047BD8D25169B0E96E4 /* Check Pods Manifest.lock */ = {
			isa = PBXShellScriptBuildPhase;
			buildActionMask = 2147483647;
			files = (
			);
			inputPaths = (
			);
			name = "Check Pods Manifest.lock";
			outputPaths = (
			);
			runOnlyForDeploymentPostprocessing = 0;
			shellPath = /bin/sh;
			shellScript = "diff \"${PODS_ROOT}/../Podfile.lock\" \"${PODS_ROOT}/Manifest.lock\" > /dev/null\nif [[ $? != 0 ]] ; then\n    cat << EOM\nerror: The sandbox is not in sync with the Podfile.lock. Run 'pod install' or update your CocoaPods installation.\nEOM\n    exit 1\nfi\n";
			showEnvVarsInLog = 0;
		};
/* End PBXShellScriptBuildPhase section */

/* Begin PBXSourcesBuildPhase section */
		52EA9F321BBB3B0D0063E082 /* Sources */ = {
			isa = PBXSourcesBuildPhase;
			buildActionMask = 2147483647;
			files = (
				52C8E2701BDBE75F005996E3 /* QuestCell.swift in Sources */,
				52E13E231C9A7512002CE8AD /* HelperMethods.swift in Sources */,
				5244C8FF1CA09F1F0040E565 /* Feedback.swift in Sources */,
				5281CDA31CA10A23001B6F6C /* FeedbackBoxViewController.swift in Sources */,
				522A254D1BE03BCC008FE49E /* Quest.swift in Sources */,
				8B40A95A1BE15BB500DC30AC /* QuestDetailViewController.swift in Sources */,
				52EA9F3C1BBB3B0D0063E082 /* QuestController.swift in Sources */,
				5281CDA51CA10A42001B6F6C /* FeedbackCluesViewController.swift in Sources */,
				522EC6961BEFF85400262690 /* VariableHightCell.swift in Sources */,
				5244C8FA1C9E612E0040E565 /* DirectionsViewController.swift in Sources */,
				5281CDA81CA11416001B6F6C /* FeedbackTextViewCell.swift in Sources */,
				522EC6941BEFF76000262690 /* CluesViewController.swift in Sources */,
				5244C8FD1C9E91AB0040E565 /* SWRevealViewController.m in Sources */,
				5281CDA11CA10A13001B6F6C /* FeedbackViewController.swift in Sources */,
				52EA9F3A1BBB3B0D0063E082 /* AppDelegate.swift in Sources */,
				523AC4241C61568200461BBA /* PDFViewController.swift in Sources */,
			);
			runOnlyForDeploymentPostprocessing = 0;
		};
		52EA9F461BBB3B0E0063E082 /* Sources */ = {
			isa = PBXSourcesBuildPhase;
			buildActionMask = 2147483647;
			files = (
			);
			runOnlyForDeploymentPostprocessing = 0;
		};
		52EA9F511BBB3B0E0063E082 /* Sources */ = {
			isa = PBXSourcesBuildPhase;
			buildActionMask = 2147483647;
			files = (
			);
			runOnlyForDeploymentPostprocessing = 0;
		};
/* End PBXSourcesBuildPhase section */

/* Begin PBXTargetDependency section */
		52EA9F4C1BBB3B0E0063E082 /* PBXTargetDependency */ = {
			isa = PBXTargetDependency;
			target = 52EA9F351BBB3B0D0063E082 /* Valley Quest App */;
			targetProxy = 52EA9F4B1BBB3B0E0063E082 /* PBXContainerItemProxy */;
		};
		52EA9F571BBB3B0E0063E082 /* PBXTargetDependency */ = {
			isa = PBXTargetDependency;
			target = 52EA9F351BBB3B0D0063E082 /* Valley Quest App */;
			targetProxy = 52EA9F561BBB3B0E0063E082 /* PBXContainerItemProxy */;
		};
/* End PBXTargetDependency section */

/* Begin PBXVariantGroup section */
		52EA9F3D1BBB3B0D0063E082 /* Main.storyboard */ = {
			isa = PBXVariantGroup;
			children = (
				52EA9F3E1BBB3B0D0063E082 /* Base */,
			);
			name = Main.storyboard;
			sourceTree = "<group>";
		};
		52EA9F421BBB3B0E0063E082 /* LaunchScreen.storyboard */ = {
			isa = PBXVariantGroup;
			children = (
				52EA9F431BBB3B0E0063E082 /* Base */,
			);
			name = LaunchScreen.storyboard;
			sourceTree = "<group>";
		};
/* End PBXVariantGroup section */

/* Begin XCBuildConfiguration section */
		52669C821C9D315600483E4E /* Debug */ = {
			isa = XCBuildConfiguration;
			buildSettings = {
				ALWAYS_SEARCH_USER_PATHS = NO;
				CLANG_CXX_LANGUAGE_STANDARD = "gnu++0x";
				CLANG_CXX_LIBRARY = "libc++";
				CLANG_ENABLE_MODULES = YES;
				CLANG_ENABLE_OBJC_ARC = YES;
				CLANG_WARN_BOOL_CONVERSION = YES;
				CLANG_WARN_CONSTANT_CONVERSION = YES;
				CLANG_WARN_DIRECT_OBJC_ISA_USAGE = YES_ERROR;
				CLANG_WARN_EMPTY_BODY = YES;
				CLANG_WARN_ENUM_CONVERSION = YES;
				CLANG_WARN_INT_CONVERSION = YES;
				CLANG_WARN_OBJC_ROOT_CLASS = YES_ERROR;
				CLANG_WARN_UNREACHABLE_CODE = YES;
				CLANG_WARN__DUPLICATE_METHOD_MATCH = YES;
				"CODE_SIGN_IDENTITY[sdk=iphoneos*]" = "iPhone Developer";
				COPY_PHASE_STRIP = NO;
				DEBUG_INFORMATION_FORMAT = "dwarf-with-dsym";
				ENABLE_NS_ASSERTIONS = NO;
				ENABLE_STRICT_OBJC_MSGSEND = YES;
				ENABLE_TESTABILITY = YES;
				GCC_C_LANGUAGE_STANDARD = gnu99;
				GCC_NO_COMMON_BLOCKS = YES;
				GCC_WARN_64_TO_32_BIT_CONVERSION = YES;
				GCC_WARN_ABOUT_RETURN_TYPE = YES_ERROR;
				GCC_WARN_UNDECLARED_SELECTOR = YES;
				GCC_WARN_UNINITIALIZED_AUTOS = YES_AGGRESSIVE;
				GCC_WARN_UNUSED_FUNCTION = YES;
				GCC_WARN_UNUSED_VARIABLE = YES;
				IPHONEOS_DEPLOYMENT_TARGET = 9.0;
				MTL_ENABLE_DEBUG_INFO = NO;
				ONLY_ACTIVE_ARCH = YES;
				SDKROOT = iphoneos;
				TARGETED_DEVICE_FAMILY = "1,2";
				VALIDATE_PRODUCT = YES;
			};
			name = Debug;
		};
		52669C831C9D315600483E4E /* Debug */ = {
			isa = XCBuildConfiguration;
			baseConfigurationReference = E6B6877D66920FD8B0CF4E06 /* Pods.debug.xcconfig */;
			buildSettings = {
				ASSETCATALOG_COMPILER_APPICON_NAME = AppIcon;
				CODE_SIGN_IDENTITY = "iPhone Developer";
				"CODE_SIGN_IDENTITY[sdk=iphoneos*]" = "iPhone Developer: Lauren Whittlesey (26D6RAUKYU)";
				ENABLE_BITCODE = NO;
				INFOPLIST_FILE = ValleyQuestApp/Info.plist;
				IPHONEOS_DEPLOYMENT_TARGET = 9.2;
				LD_RUNPATH_SEARCH_PATHS = "$(inherited) @executable_path/Frameworks";
				ONLY_ACTIVE_ARCH = YES;
				OTHER_CODE_SIGN_FLAGS = "";
				PRODUCT_BUNDLE_IDENTIFIER = com.vitalcommunities.ValleyQuest;
				PRODUCT_NAME = "Valley Quest App";
				PROVISIONING_PROFILE = "";
				SWIFT_OBJC_BRIDGING_HEADER = ObjCBridgingHeader.h;
			};
			name = Debug;
		};
		52669C841C9D315600483E4E /* Debug */ = {
			isa = XCBuildConfiguration;
			buildSettings = {
				BUNDLE_LOADER = "$(TEST_HOST)";
				INFOPLIST_FILE = ValleyQuestAppTests/Info.plist;
				LD_RUNPATH_SEARCH_PATHS = "$(inherited) @executable_path/Frameworks @loader_path/Frameworks";
				PRODUCT_BUNDLE_IDENTIFIER = ValleyQuest.ValleyQuestAppTests;
				PRODUCT_NAME = "Valley Quest App";
				TEST_HOST = "$(BUILT_PRODUCTS_DIR)/Valley Quest App.app/Valley Quest App";
			};
			name = Debug;
		};
		52669C851C9D315600483E4E /* Debug */ = {
			isa = XCBuildConfiguration;
			buildSettings = {
				INFOPLIST_FILE = ValleyQuestAppUITests/Info.plist;
				LD_RUNPATH_SEARCH_PATHS = "$(inherited) @executable_path/Frameworks @loader_path/Frameworks";
				PRODUCT_BUNDLE_IDENTIFIER = ValleyQuest.ValleyQuestAppUITests;
				PRODUCT_NAME = "Valley Quest App";
				TEST_TARGET_NAME = ValleyQuestApp;
				USES_XCTRUNNER = YES;
			};
			name = Debug;
		};
		52EA9F5D1BBB3B0E0063E082 /* Release */ = {
			isa = XCBuildConfiguration;
			buildSettings = {
				ALWAYS_SEARCH_USER_PATHS = NO;
				CLANG_CXX_LANGUAGE_STANDARD = "gnu++0x";
				CLANG_CXX_LIBRARY = "libc++";
				CLANG_ENABLE_MODULES = YES;
				CLANG_ENABLE_OBJC_ARC = YES;
				CLANG_WARN_BOOL_CONVERSION = YES;
				CLANG_WARN_CONSTANT_CONVERSION = YES;
				CLANG_WARN_DIRECT_OBJC_ISA_USAGE = YES_ERROR;
				CLANG_WARN_EMPTY_BODY = YES;
				CLANG_WARN_ENUM_CONVERSION = YES;
				CLANG_WARN_INT_CONVERSION = YES;
				CLANG_WARN_OBJC_ROOT_CLASS = YES_ERROR;
				CLANG_WARN_UNREACHABLE_CODE = YES;
				CLANG_WARN__DUPLICATE_METHOD_MATCH = YES;
				"CODE_SIGN_IDENTITY[sdk=iphoneos*]" = "iPhone Developer";
				COPY_PHASE_STRIP = NO;
				DEBUG_INFORMATION_FORMAT = "dwarf-with-dsym";
				ENABLE_NS_ASSERTIONS = NO;
				ENABLE_STRICT_OBJC_MSGSEND = YES;
				GCC_C_LANGUAGE_STANDARD = gnu99;
				GCC_NO_COMMON_BLOCKS = YES;
				GCC_WARN_64_TO_32_BIT_CONVERSION = YES;
				GCC_WARN_ABOUT_RETURN_TYPE = YES_ERROR;
				GCC_WARN_UNDECLARED_SELECTOR = YES;
				GCC_WARN_UNINITIALIZED_AUTOS = YES_AGGRESSIVE;
				GCC_WARN_UNUSED_FUNCTION = YES;
				GCC_WARN_UNUSED_VARIABLE = YES;
				IPHONEOS_DEPLOYMENT_TARGET = 9.0;
				MTL_ENABLE_DEBUG_INFO = NO;
				SDKROOT = iphoneos;
				TARGETED_DEVICE_FAMILY = "1,2";
				VALIDATE_PRODUCT = YES;
			};
			name = Release;
		};
		52EA9F601BBB3B0E0063E082 /* Release */ = {
			isa = XCBuildConfiguration;
			baseConfigurationReference = 0AE72FB39E6C8D966954840F /* Pods.release.xcconfig */;
			buildSettings = {
				ASSETCATALOG_COMPILER_APPICON_NAME = AppIcon;
				CODE_SIGN_IDENTITY = "iPhone Developer";
				"CODE_SIGN_IDENTITY[sdk=iphoneos*]" = "iPhone Distribution: Lauren Whittlesey (ZENTEP64J9)";
				ENABLE_BITCODE = NO;
				INFOPLIST_FILE = ValleyQuestApp/Info.plist;
				IPHONEOS_DEPLOYMENT_TARGET = 9.2;
				LD_RUNPATH_SEARCH_PATHS = "$(inherited) @executable_path/Frameworks";
				ONLY_ACTIVE_ARCH = YES;
				OTHER_CODE_SIGN_FLAGS = "";
				PRODUCT_BUNDLE_IDENTIFIER = com.vitalcommunities.ValleyQuest;
				PRODUCT_NAME = "Valley Quest App";
				PROVISIONING_PROFILE = "";
				SWIFT_OBJC_BRIDGING_HEADER = ObjCBridgingHeader.h;
			};
			name = Release;
		};
		52EA9F631BBB3B0E0063E082 /* Release */ = {
			isa = XCBuildConfiguration;
			buildSettings = {
				BUNDLE_LOADER = "$(TEST_HOST)";
				INFOPLIST_FILE = ValleyQuestAppTests/Info.plist;
				LD_RUNPATH_SEARCH_PATHS = "$(inherited) @executable_path/Frameworks @loader_path/Frameworks";
				PRODUCT_BUNDLE_IDENTIFIER = ValleyQuest.ValleyQuestAppTests;
				PRODUCT_NAME = "Valley Quest App";
				TEST_HOST = "$(BUILT_PRODUCTS_DIR)/Valley Quest App.app/Valley Quest App";
			};
			name = Release;
		};
		52EA9F661BBB3B0E0063E082 /* Release */ = {
			isa = XCBuildConfiguration;
			buildSettings = {
				INFOPLIST_FILE = ValleyQuestAppUITests/Info.plist;
				LD_RUNPATH_SEARCH_PATHS = "$(inherited) @executable_path/Frameworks @loader_path/Frameworks";
				PRODUCT_BUNDLE_IDENTIFIER = ValleyQuest.ValleyQuestAppUITests;
				PRODUCT_NAME = "Valley Quest App";
				TEST_TARGET_NAME = ValleyQuestApp;
				USES_XCTRUNNER = YES;
			};
			name = Release;
		};
/* End XCBuildConfiguration section */

/* Begin XCConfigurationList section */
		52EA9F311BBB3B0D0063E082 /* Build configuration list for PBXProject "Valley Quest App" */ = {
			isa = XCConfigurationList;
			buildConfigurations = (
				52EA9F5D1BBB3B0E0063E082 /* Release */,
				52669C821C9D315600483E4E /* Debug */,
			);
			defaultConfigurationIsVisible = 0;
			defaultConfigurationName = Release;
		};
		52EA9F5E1BBB3B0E0063E082 /* Build configuration list for PBXNativeTarget "Valley Quest App" */ = {
			isa = XCConfigurationList;
			buildConfigurations = (
				52EA9F601BBB3B0E0063E082 /* Release */,
				52669C831C9D315600483E4E /* Debug */,
			);
			defaultConfigurationIsVisible = 0;
			defaultConfigurationName = Release;
		};
		52EA9F611BBB3B0E0063E082 /* Build configuration list for PBXNativeTarget "Valley Quest AppTests" */ = {
			isa = XCConfigurationList;
			buildConfigurations = (
				52EA9F631BBB3B0E0063E082 /* Release */,
				52669C841C9D315600483E4E /* Debug */,
			);
			defaultConfigurationIsVisible = 0;
			defaultConfigurationName = Release;
		};
		52EA9F641BBB3B0E0063E082 /* Build configuration list for PBXNativeTarget "Valley Quest AppUITests" */ = {
			isa = XCConfigurationList;
			buildConfigurations = (
				52EA9F661BBB3B0E0063E082 /* Release */,
				52669C851C9D315600483E4E /* Debug */,
			);
			defaultConfigurationIsVisible = 0;
			defaultConfigurationName = Release;
		};
/* End XCConfigurationList section */
	};
	rootObject = 52EA9F2E1BBB3B0D0063E082 /* Project object */;
}
