// !$*UTF8*$!
{
	archiveVersion = 1;
	classes = {
	};
	objectVersion = 46;
	objects = {

/* Begin PBXBuildFile section */
		52EA9F3A1BBB3B0D0063E082 /* AppDelegate.swift in Sources */ = {isa = PBXBuildFile; fileRef = 52EA9F391BBB3B0D0063E082 /* AppDelegate.swift */; };
		52EA9F3C1BBB3B0D0063E082 /* ViewController.swift in Sources */ = {isa = PBXBuildFile; fileRef = 52EA9F3B1BBB3B0D0063E082 /* ViewController.swift */; };
		52EA9F3F1BBB3B0D0063E082 /* Main.storyboard in Resources */ = {isa = PBXBuildFile; fileRef = 52EA9F3D1BBB3B0D0063E082 /* Main.storyboard */; };
		52EA9F411BBB3B0E0063E082 /* Assets.xcassets in Resources */ = {isa = PBXBuildFile; fileRef = 52EA9F401BBB3B0E0063E082 /* Assets.xcassets */; };
		52EA9F441BBB3B0E0063E082 /* LaunchScreen.storyboard in Resources */ = {isa = PBXBuildFile; fileRef = 52EA9F421BBB3B0E0063E082 /* LaunchScreen.storyboard */; };
		52EA9F4F1BBB3B0E0063E082 /* ValleyQuestAppTests.swift in Sources */ = {isa = PBXBuildFile; fileRef = 52EA9F4E1BBB3B0E0063E082 /* ValleyQuestAppTests.swift */; };
		52EA9F5A1BBB3B0E0063E082 /* ValleyQuestAppUITests.swift in Sources */ = {isa = PBXBuildFile; fileRef = 52EA9F591BBB3B0E0063E082 /* ValleyQuestAppUITests.swift */; };
		52EAD5101BD3693B004CCCD3 /* PListReader.swift in Sources */ = {isa = PBXBuildFile; fileRef = 52EAD50F1BD3693B004CCCD3 /* PListReader.swift */; };
		52EAD5121BD36968004CCCD3 /* quests.plist in Resources */ = {isa = PBXBuildFile; fileRef = 52EAD5111BD36968004CCCD3 /* quests.plist */; };
/* End PBXBuildFile section */

/* Begin PBXContainerItemProxy section */
		52EA9F4B1BBB3B0E0063E082 /* PBXContainerItemProxy */ = {
			isa = PBXContainerItemProxy;
			containerPortal = 52EA9F2E1BBB3B0D0063E082 /* Project object */;
			proxyType = 1;
			remoteGlobalIDString = 52EA9F351BBB3B0D0063E082;
			remoteInfo = ValleyQuestApp;
		};
		52EA9F561BBB3B0E0063E082 /* PBXContainerItemProxy */ = {
			isa = PBXContainerItemProxy;
			containerPortal = 52EA9F2E1BBB3B0D0063E082 /* Project object */;
			proxyType = 1;
			remoteGlobalIDString = 52EA9F351BBB3B0D0063E082;
			remoteInfo = ValleyQuestApp;
		};
/* End PBXContainerItemProxy section */

/* Begin PBXFileReference section */
		52EA9F361BBB3B0D0063E082 /* ValleyQuestApp.app */ = {isa = PBXFileReference; explicitFileType = wrapper.application; includeInIndex = 0; path = ValleyQuestApp.app; sourceTree = BUILT_PRODUCTS_DIR; };
		52EA9F391BBB3B0D0063E082 /* AppDelegate.swift */ = {isa = PBXFileReference; lastKnownFileType = sourcecode.swift; path = AppDelegate.swift; sourceTree = "<group>"; };
		52EA9F3B1BBB3B0D0063E082 /* ViewController.swift */ = {isa = PBXFileReference; lastKnownFileType = sourcecode.swift; path = ViewController.swift; sourceTree = "<group>"; };
		52EA9F3E1BBB3B0D0063E082 /* Base */ = {isa = PBXFileReference; lastKnownFileType = file.storyboard; name = Base; path = Base.lproj/Main.storyboard; sourceTree = "<group>"; };
		52EA9F401BBB3B0E0063E082 /* Assets.xcassets */ = {isa = PBXFileReference; lastKnownFileType = folder.assetcatalog; path = Assets.xcassets; sourceTree = "<group>"; };
		52EA9F431BBB3B0E0063E082 /* Base */ = {isa = PBXFileReference; lastKnownFileType = file.storyboard; name = Base; path = Base.lproj/LaunchScreen.storyboard; sourceTree = "<group>"; };
		52EA9F451BBB3B0E0063E082 /* Info.plist */ = {isa = PBXFileReference; lastKnownFileType = text.plist.xml; path = Info.plist; sourceTree = "<group>"; };
		52EA9F4A1BBB3B0E0063E082 /* ValleyQuestAppTests.xctest */ = {isa = PBXFileReference; explicitFileType = wrapper.cfbundle; includeInIndex = 0; path = ValleyQuestAppTests.xctest; sourceTree = BUILT_PRODUCTS_DIR; };
		52EA9F4E1BBB3B0E0063E082 /* ValleyQuestAppTests.swift */ = {isa = PBXFileReference; lastKnownFileType = sourcecode.swift; path = ValleyQuestAppTests.swift; sourceTree = "<group>"; };
		52EA9F501BBB3B0E0063E082 /* Info.plist */ = {isa = PBXFileReference; lastKnownFileType = text.plist.xml; path = Info.plist; sourceTree = "<group>"; };
		52EA9F551BBB3B0E0063E082 /* ValleyQuestAppUITests.xctest */ = {isa = PBXFileReference; explicitFileType = wrapper.cfbundle; includeInIndex = 0; path = ValleyQuestAppUITests.xctest; sourceTree = BUILT_PRODUCTS_DIR; };
		52EA9F591BBB3B0E0063E082 /* ValleyQuestAppUITests.swift */ = {isa = PBXFileReference; lastKnownFileType = sourcecode.swift; path = ValleyQuestAppUITests.swift; sourceTree = "<group>"; };
		52EA9F5B1BBB3B0E0063E082 /* Info.plist */ = {isa = PBXFileReference; lastKnownFileType = text.plist.xml; path = Info.plist; sourceTree = "<group>"; };
		52EAD50F1BD3693B004CCCD3 /* PListReader.swift */ = {isa = PBXFileReference; fileEncoding = 4; lastKnownFileType = sourcecode.swift; path = PListReader.swift; sourceTree = "<group>"; };
		52EAD5111BD36968004CCCD3 /* quests.plist */ = {isa = PBXFileReference; fileEncoding = 4; lastKnownFileType = text.plist.xml; path = quests.plist; sourceTree = "<group>"; };
		6EA5AB361BDAD7CF001C9E29 /* Testing.playground */ = {isa = PBXFileReference; lastKnownFileType = file.playground; path = Testing.playground; sourceTree = "<group>"; };
/* End PBXFileReference section */

/* Begin PBXFrameworksBuildPhase section */
		52EA9F331BBB3B0D0063E082 /* Frameworks */ = {
			isa = PBXFrameworksBuildPhase;
			buildActionMask = 2147483647;
			files = (
			);
			runOnlyForDeploymentPostprocessing = 0;
		};
		52EA9F471BBB3B0E0063E082 /* Frameworks */ = {
			isa = PBXFrameworksBuildPhase;
			buildActionMask = 2147483647;
			files = (
			);
			runOnlyForDeploymentPostprocessing = 0;
		};
		52EA9F521BBB3B0E0063E082 /* Frameworks */ = {
			isa = PBXFrameworksBuildPhase;
			buildActionMask = 2147483647;
			files = (
			);
			runOnlyForDeploymentPostprocessing = 0;
		};
/* End PBXFrameworksBuildPhase section */

/* Begin PBXGroup section */
		52EA9F2D1BBB3B0D0063E082 = {
			isa = PBXGroup;
			children = (
				52EA9F381BBB3B0D0063E082 /* ValleyQuestApp */,
				52EA9F4D1BBB3B0E0063E082 /* ValleyQuestAppTests */,
				52EA9F581BBB3B0E0063E082 /* ValleyQuestAppUITests */,
				52EA9F371BBB3B0D0063E082 /* Products */,
			);
			sourceTree = "<group>";
		};
		52EA9F371BBB3B0D0063E082 /* Products */ = {
			isa = PBXGroup;
			children = (
				52EA9F361BBB3B0D0063E082 /* ValleyQuestApp.app */,
				52EA9F4A1BBB3B0E0063E082 /* ValleyQuestAppTests.xctest */,
				52EA9F551BBB3B0E0063E082 /* ValleyQuestAppUITests.xctest */,
			);
			name = Products;
			sourceTree = "<group>";
		};
		52EA9F381BBB3B0D0063E082 /* ValleyQuestApp */ = {
			isa = PBXGroup;
			children = (
				6EA5AB361BDAD7CF001C9E29 /* Testing.playground */,
				52EA9F391BBB3B0D0063E082 /* AppDelegate.swift */,
				52EA9F3B1BBB3B0D0063E082 /* ViewController.swift */,
				52EA9F3D1BBB3B0D0063E082 /* Main.storyboard */,
				52EA9F401BBB3B0E0063E082 /* Assets.xcassets */,
				52EA9F421BBB3B0E0063E082 /* LaunchScreen.storyboard */,
				52EAD50F1BD3693B004CCCD3 /* PListReader.swift */,
				52EAD5111BD36968004CCCD3 /* quests.plist */,
				52EA9F451BBB3B0E0063E082 /* Info.plist */,
			);
			path = ValleyQuestApp;
			sourceTree = "<group>";
		};
		52EA9F4D1BBB3B0E0063E082 /* ValleyQuestAppTests */ = {
			isa = PBXGroup;
			children = (
				52EA9F4E1BBB3B0E0063E082 /* ValleyQuestAppTests.swift */,
				52EA9F501BBB3B0E0063E082 /* Info.plist */,
			);
			path = ValleyQuestAppTests;
			sourceTree = "<group>";
		};
		52EA9F581BBB3B0E0063E082 /* ValleyQuestAppUITests */ = {
			isa = PBXGroup;
			children = (
				52EA9F591BBB3B0E0063E082 /* ValleyQuestAppUITests.swift */,
				52EA9F5B1BBB3B0E0063E082 /* Info.plist */,
			);
			path = ValleyQuestAppUITests;
			sourceTree = "<group>";
		};
/* End PBXGroup section */

/* Begin PBXNativeTarget section */
		52EA9F351BBB3B0D0063E082 /* ValleyQuestApp */ = {
			isa = PBXNativeTarget;
			buildConfigurationList = 52EA9F5E1BBB3B0E0063E082 /* Build configuration list for PBXNativeTarget "ValleyQuestApp" */;
			buildPhases = (
				52EA9F321BBB3B0D0063E082 /* Sources */,
				52EA9F331BBB3B0D0063E082 /* Frameworks */,
				52EA9F341BBB3B0D0063E082 /* Resources */,
			);
			buildRules = (
			);
			dependencies = (
			);
			name = ValleyQuestApp;
			productName = ValleyQuestApp;
			productReference = 52EA9F361BBB3B0D0063E082 /* ValleyQuestApp.app */;
			productType = "com.apple.product-type.application";
		};
		52EA9F491BBB3B0E0063E082 /* ValleyQuestAppTests */ = {
			isa = PBXNativeTarget;
			buildConfigurationList = 52EA9F611BBB3B0E0063E082 /* Build configuration list for PBXNativeTarget "ValleyQuestAppTests" */;
			buildPhases = (
				52EA9F461BBB3B0E0063E082 /* Sources */,
				52EA9F471BBB3B0E0063E082 /* Frameworks */,
				52EA9F481BBB3B0E0063E082 /* Resources */,
			);
			buildRules = (
			);
			dependencies = (
				52EA9F4C1BBB3B0E0063E082 /* PBXTargetDependency */,
			);
			name = ValleyQuestAppTests;
			productName = ValleyQuestAppTests;
			productReference = 52EA9F4A1BBB3B0E0063E082 /* ValleyQuestAppTests.xctest */;
			productType = "com.apple.product-type.bundle.unit-test";
		};
		52EA9F541BBB3B0E0063E082 /* ValleyQuestAppUITests */ = {
			isa = PBXNativeTarget;
			buildConfigurationList = 52EA9F641BBB3B0E0063E082 /* Build configuration list for PBXNativeTarget "ValleyQuestAppUITests" */;
			buildPhases = (
				52EA9F511BBB3B0E0063E082 /* Sources */,
				52EA9F521BBB3B0E0063E082 /* Frameworks */,
				52EA9F531BBB3B0E0063E082 /* Resources */,
			);
			buildRules = (
			);
			dependencies = (
				52EA9F571BBB3B0E0063E082 /* PBXTargetDependency */,
			);
			name = ValleyQuestAppUITests;
			productName = ValleyQuestAppUITests;
			productReference = 52EA9F551BBB3B0E0063E082 /* ValleyQuestAppUITests.xctest */;
			productType = "com.apple.product-type.bundle.ui-testing";
		};
/* End PBXNativeTarget section */

/* Begin PBXProject section */
		52EA9F2E1BBB3B0D0063E082 /* Project object */ = {
			isa = PBXProject;
			attributes = {
				LastUpgradeCheck = 0700;
				ORGANIZATIONNAME = "John Kotz";
				TargetAttributes = {
					52EA9F351BBB3B0D0063E082 = {
						CreatedOnToolsVersion = 7.0;
					};
					52EA9F491BBB3B0E0063E082 = {
						CreatedOnToolsVersion = 7.0;
						TestTargetID = 52EA9F351BBB3B0D0063E082;
					};
					52EA9F541BBB3B0E0063E082 = {
						CreatedOnToolsVersion = 7.0;
						TestTargetID = 52EA9F351BBB3B0D0063E082;
					};
				};
			};
			buildConfigurationList = 52EA9F311BBB3B0D0063E082 /* Build configuration list for PBXProject "ValleyQuestApp" */;
			compatibilityVersion = "Xcode 3.2";
			developmentRegion = English;
			hasScannedForEncodings = 0;
			knownRegions = (
				en,
				Base,
			);
			mainGroup = 52EA9F2D1BBB3B0D0063E082;
			productRefGroup = 52EA9F371BBB3B0D0063E082 /* Products */;
			projectDirPath = "";
			projectRoot = "";
			targets = (
				52EA9F351BBB3B0D0063E082 /* ValleyQuestApp */,
				52EA9F491BBB3B0E0063E082 /* ValleyQuestAppTests */,
				52EA9F541BBB3B0E0063E082 /* ValleyQuestAppUITests */,
			);
		};
/* End PBXProject section */

/* Begin PBXResourcesBuildPhase section */
		52EA9F341BBB3B0D0063E082 /* Resources */ = {
			isa = PBXResourcesBuildPhase;
			buildActionMask = 2147483647;
			files = (
				52EA9F441BBB3B0E0063E082 /* LaunchScreen.storyboard in Resources */,
				52EA9F411BBB3B0E0063E082 /* Assets.xcassets in Resources */,
				52EA9F3F1BBB3B0D0063E082 /* Main.storyboard in Resources */,
				52EAD5121BD36968004CCCD3 /* quests.plist in Resources */,
			);
			runOnlyForDeploymentPostprocessing = 0;
		};
		52EA9F481BBB3B0E0063E082 /* Resources */ = {
			isa = PBXResourcesBuildPhase;
			buildActionMask = 2147483647;
			files = (
			);
			runOnlyForDeploymentPostprocessing = 0;
		};
		52EA9F531BBB3B0E0063E082 /* Resources */ = {
			isa = PBXResourcesBuildPhase;
			buildActionMask = 2147483647;
			files = (
			);
			runOnlyForDeploymentPostprocessing = 0;
		};
/* End PBXResourcesBuildPhase section */

/* Begin PBXSourcesBuildPhase section */
		52EA9F321BBB3B0D0063E082 /* Sources */ = {
			isa = PBXSourcesBuildPhase;
			buildActionMask = 2147483647;
			files = (
				52EA9F3C1BBB3B0D0063E082 /* ViewController.swift in Sources */,
				52EAD5101BD3693B004CCCD3 /* PListReader.swift in Sources */,
				52EA9F3A1BBB3B0D0063E082 /* AppDelegate.swift in Sources */,
			);
			runOnlyForDeploymentPostprocessing = 0;
		};
		52EA9F461BBB3B0E0063E082 /* Sources */ = {
			isa = PBXSourcesBuildPhase;
			buildActionMask = 2147483647;
			files = (
				52EA9F4F1BBB3B0E0063E082 /* ValleyQuestAppTests.swift in Sources */,
			);
			runOnlyForDeploymentPostprocessing = 0;
		};
		52EA9F511BBB3B0E0063E082 /* Sources */ = {
			isa = PBXSourcesBuildPhase;
			buildActionMask = 2147483647;
			files = (
				52EA9F5A1BBB3B0E0063E082 /* ValleyQuestAppUITests.swift in Sources */,
			);
			runOnlyForDeploymentPostprocessing = 0;
		};
/* End PBXSourcesBuildPhase section */

/* Begin PBXTargetDependency section */
		52EA9F4C1BBB3B0E0063E082 /* PBXTargetDependency */ = {
			isa = PBXTargetDependency;
			target = 52EA9F351BBB3B0D0063E082 /* ValleyQuestApp */;
			targetProxy = 52EA9F4B1BBB3B0E0063E082 /* PBXContainerItemProxy */;
		};
		52EA9F571BBB3B0E0063E082 /* PBXTargetDependency */ = {
			isa = PBXTargetDependency;
			target = 52EA9F351BBB3B0D0063E082 /* ValleyQuestApp */;
			targetProxy = 52EA9F561BBB3B0E0063E082 /* PBXContainerItemProxy */;
		};
/* End PBXTargetDependency section */

/* Begin PBXVariantGroup section */
		52EA9F3D1BBB3B0D0063E082 /* Main.storyboard */ = {
			isa = PBXVariantGroup;
			children = (
				52EA9F3E1BBB3B0D0063E082 /* Base */,
			);
			name = Main.storyboard;
			sourceTree = "<group>";
		};
		52EA9F421BBB3B0E0063E082 /* LaunchScreen.storyboard */ = {
			isa = PBXVariantGroup;
			children = (
				52EA9F431BBB3B0E0063E082 /* Base */,
			);
			name = LaunchScreen.storyboard;
			sourceTree = "<group>";
		};
/* End PBXVariantGroup section */

/* Begin XCBuildConfiguration section */
		52EA9F5C1BBB3B0E0063E082 /* Debug */ = {
			isa = XCBuildConfiguration;
			buildSettings = {
				ALWAYS_SEARCH_USER_PATHS = NO;
				CLANG_CXX_LANGUAGE_STANDARD = "gnu++0x";
				CLANG_CXX_LIBRARY = "libc++";
				CLANG_ENABLE_MODULES = YES;
				CLANG_ENABLE_OBJC_ARC = YES;
				CLANG_WARN_BOOL_CONVERSION = YES;
				CLANG_WARN_CONSTANT_CONVERSION = YES;
				CLANG_WARN_DIRECT_OBJC_ISA_USAGE = YES_ERROR;
				CLANG_WARN_EMPTY_BODY = YES;
				CLANG_WARN_ENUM_CONVERSION = YES;
				CLANG_WARN_INT_CONVERSION = YES;
				CLANG_WARN_OBJC_ROOT_CLASS = YES_ERROR;
				CLANG_WARN_UNREACHABLE_CODE = YES;
				CLANG_WARN__DUPLICATE_METHOD_MATCH = YES;
				"CODE_SIGN_IDENTITY[sdk=iphoneos*]" = "iPhone Developer";
				COPY_PHASE_STRIP = NO;
				DEBUG_INFORMATION_FORMAT = dwarf;
				ENABLE_STRICT_OBJC_MSGSEND = YES;
				ENABLE_TESTABILITY = YES;
				GCC_C_LANGUAGE_STANDARD = gnu99;
				GCC_DYNAMIC_NO_PIC = NO;
				GCC_NO_COMMON_BLOCKS = YES;
				GCC_OPTIMIZATION_LEVEL = 0;
				GCC_PREPROCESSOR_DEFINITIONS = (
					"DEBUG=1",
					"$(inherited)",
				);
				GCC_WARN_64_TO_32_BIT_CONVERSION = YES;
				GCC_WARN_ABOUT_RETURN_TYPE = YES_ERROR;
				GCC_WARN_UNDECLARED_SELECTOR = YES;
				GCC_WARN_UNINITIALIZED_AUTOS = YES_AGGRESSIVE;
				GCC_WARN_UNUSED_FUNCTION = YES;
				GCC_WARN_UNUSED_VARIABLE = YES;
				IPHONEOS_DEPLOYMENT_TARGET = 9.0;
				MTL_ENABLE_DEBUG_INFO = YES;
				ONLY_ACTIVE_ARCH = YES;
				SDKROOT = iphoneos;
				SWIFT_OPTIMIZATION_LEVEL = "-Onone";
				TARGETED_DEVICE_FAMILY = "1,2";
			};
			name = Debug;
		};
		52EA9F5D1BBB3B0E0063E082 /* Release */ = {
			isa = XCBuildConfiguration;
			buildSettings = {
				ALWAYS_SEARCH_USER_PATHS = NO;
				CLANG_CXX_LANGUAGE_STANDARD = "gnu++0x";
				CLANG_CXX_LIBRARY = "libc++";
				CLANG_ENABLE_MODULES = YES;
				CLANG_ENABLE_OBJC_ARC = YES;
				CLANG_WARN_BOOL_CONVERSION = YES;
				CLANG_WARN_CONSTANT_CONVERSION = YES;
				CLANG_WARN_DIRECT_OBJC_ISA_USAGE = YES_ERROR;
				CLANG_WARN_EMPTY_BODY = YES;
				CLANG_WARN_ENUM_CONVERSION = YES;
				CLANG_WARN_INT_CONVERSION = YES;
				CLANG_WARN_OBJC_ROOT_CLASS = YES_ERROR;
				CLANG_WARN_UNREACHABLE_CODE = YES;
				CLANG_WARN__DUPLICATE_METHOD_MATCH = YES;
				"CODE_SIGN_IDENTITY[sdk=iphoneos*]" = "iPhone Developer";
				COPY_PHASE_STRIP = NO;
				DEBUG_INFORMATION_FORMAT = "dwarf-with-dsym";
				ENABLE_NS_ASSERTIONS = NO;
				ENABLE_STRICT_OBJC_MSGSEND = YES;
				GCC_C_LANGUAGE_STANDARD = gnu99;
				GCC_NO_COMMON_BLOCKS = YES;
				GCC_WARN_64_TO_32_BIT_CONVERSION = YES;
				GCC_WARN_ABOUT_RETURN_TYPE = YES_ERROR;
				GCC_WARN_UNDECLARED_SELECTOR = YES;
				GCC_WARN_UNINITIALIZED_AUTOS = YES_AGGRESSIVE;
				GCC_WARN_UNUSED_FUNCTION = YES;
				GCC_WARN_UNUSED_VARIABLE = YES;
				IPHONEOS_DEPLOYMENT_TARGET = 9.0;
				MTL_ENABLE_DEBUG_INFO = NO;
				SDKROOT = iphoneos;
				TARGETED_DEVICE_FAMILY = "1,2";
				VALIDATE_PRODUCT = YES;
			};
			name = Release;
		};
		52EA9F5F1BBB3B0E0063E082 /* Debug */ = {
			isa = XCBuildConfiguration;
			buildSettings = {
				ASSETCATALOG_COMPILER_APPICON_NAME = AppIcon;
				CODE_SIGN_IDENTITY = "iPhone Developer";
				INFOPLIST_FILE = ValleyQuestApp/Info.plist;
				LD_RUNPATH_SEARCH_PATHS = "$(inherited) @executable_path/Frameworks";
				PRODUCT_BUNDLE_IDENTIFIER = ValleyQuest.ValleyQuestApp;
				PRODUCT_NAME = "$(TARGET_NAME)";
			};
			name = Debug;
		};
		52EA9F601BBB3B0E0063E082 /* Release */ = {
			isa = XCBuildConfiguration;
			buildSettings = {
				ASSETCATALOG_COMPILER_APPICON_NAME = AppIcon;
				CODE_SIGN_IDENTITY = "iPhone Developer";
				INFOPLIST_FILE = ValleyQuestApp/Info.plist;
				LD_RUNPATH_SEARCH_PATHS = "$(inherited) @executable_path/Frameworks";
				PRODUCT_BUNDLE_IDENTIFIER = ValleyQuest.ValleyQuestApp;
				PRODUCT_NAME = "$(TARGET_NAME)";
			};
			name = Release;
		};
		52EA9F621BBB3B0E0063E082 /* Debug */ = {
			isa = XCBuildConfiguration;
			buildSettings = {
				BUNDLE_LOADER = "$(TEST_HOST)";
				INFOPLIST_FILE = ValleyQuestAppTests/Info.plist;
				LD_RUNPATH_SEARCH_PATHS = "$(inherited) @executable_path/Frameworks @loader_path/Frameworks";
				PRODUCT_BUNDLE_IDENTIFIER = ValleyQuest.ValleyQuestAppTests;
				PRODUCT_NAME = "$(TARGET_NAME)";
				TEST_HOST = "$(BUILT_PRODUCTS_DIR)/ValleyQuestApp.app/ValleyQuestApp";
			};
			name = Debug;
		};
		52EA9F631BBB3B0E0063E082 /* Release */ = {
			isa = XCBuildConfiguration;
			buildSettings = {
				BUNDLE_LOADER = "$(TEST_HOST)";
				INFOPLIST_FILE = ValleyQuestAppTests/Info.plist;
				LD_RUNPATH_SEARCH_PATHS = "$(inherited) @executable_path/Frameworks @loader_path/Frameworks";
				PRODUCT_BUNDLE_IDENTIFIER = ValleyQuest.ValleyQuestAppTests;
				PRODUCT_NAME = "$(TARGET_NAME)";
				TEST_HOST = "$(BUILT_PRODUCTS_DIR)/ValleyQuestApp.app/ValleyQuestApp";
			};
			name = Release;
		};
		52EA9F651BBB3B0E0063E082 /* Debug */ = {
			isa = XCBuildConfiguration;
			buildSettings = {
				INFOPLIST_FILE = ValleyQuestAppUITests/Info.plist;
				LD_RUNPATH_SEARCH_PATHS = "$(inherited) @executable_path/Frameworks @loader_path/Frameworks";
				PRODUCT_BUNDLE_IDENTIFIER = ValleyQuest.ValleyQuestAppUITests;
				PRODUCT_NAME = "$(TARGET_NAME)";
				TEST_TARGET_NAME = ValleyQuestApp;
				USES_XCTRUNNER = YES;
			};
			name = Debug;
		};
		52EA9F661BBB3B0E0063E082 /* Release */ = {
			isa = XCBuildConfiguration;
			buildSettings = {
				INFOPLIST_FILE = ValleyQuestAppUITests/Info.plist;
				LD_RUNPATH_SEARCH_PATHS = "$(inherited) @executable_path/Frameworks @loader_path/Frameworks";
				PRODUCT_BUNDLE_IDENTIFIER = ValleyQuest.ValleyQuestAppUITests;
				PRODUCT_NAME = "$(TARGET_NAME)";
				TEST_TARGET_NAME = ValleyQuestApp;
				USES_XCTRUNNER = YES;
			};
			name = Release;
		};
/* End XCBuildConfiguration section */

/* Begin XCConfigurationList section */
		52EA9F311BBB3B0D0063E082 /* Build configuration list for PBXProject "ValleyQuestApp" */ = {
			isa = XCConfigurationList;
			buildConfigurations = (
				52EA9F5C1BBB3B0E0063E082 /* Debug */,
				52EA9F5D1BBB3B0E0063E082 /* Release */,
			);
			defaultConfigurationIsVisible = 0;
			defaultConfigurationName = Release;
		};
		52EA9F5E1BBB3B0E0063E082 /* Build configuration list for PBXNativeTarget "ValleyQuestApp" */ = {
			isa = XCConfigurationList;
			buildConfigurations = (
				52EA9F5F1BBB3B0E0063E082 /* Debug */,
				52EA9F601BBB3B0E0063E082 /* Release */,
			);
			defaultConfigurationIsVisible = 0;
			defaultConfigurationName = Release;
		};
		52EA9F611BBB3B0E0063E082 /* Build configuration list for PBXNativeTarget "ValleyQuestAppTests" */ = {
			isa = XCConfigurationList;
			buildConfigurations = (
				52EA9F621BBB3B0E0063E082 /* Debug */,
				52EA9F631BBB3B0E0063E082 /* Release */,
			);
			defaultConfigurationIsVisible = 0;
			defaultConfigurationName = Release;
		};
		52EA9F641BBB3B0E0063E082 /* Build configuration list for PBXNativeTarget "ValleyQuestAppUITests" */ = {
			isa = XCConfigurationList;
			buildConfigurations = (
				52EA9F651BBB3B0E0063E082 /* Debug */,
				52EA9F661BBB3B0E0063E082 /* Release */,
			);
			defaultConfigurationIsVisible = 0;
			defaultConfigurationName = Release;
		};
/* End XCConfigurationList section */
	};
	rootObject = 52EA9F2E1BBB3B0D0063E082 /* Project object */;
}
